// !$*UTF8*$!
{
	archiveVersion = 1;
	classes = {
	};
	objectVersion = 51;
	objects = {

/* Begin PBXBuildFile section */
		DA370E5D25431EBF005E9E1D /* AppDelegate.swift in Sources */ = {isa = PBXBuildFile; fileRef = DA370E5C25431EBF005E9E1D /* AppDelegate.swift */; };
		DA370E5F25431EBF005E9E1D /* SceneDelegate.swift in Sources */ = {isa = PBXBuildFile; fileRef = DA370E5E25431EBF005E9E1D /* SceneDelegate.swift */; };
		DA370E6125431EBF005E9E1D /* MainController.swift in Sources */ = {isa = PBXBuildFile; fileRef = DA370E6025431EBF005E9E1D /* MainController.swift */; };
		DA370E6625431EC0005E9E1D /* Assets.xcassets in Resources */ = {isa = PBXBuildFile; fileRef = DA370E6525431EC0005E9E1D /* Assets.xcassets */; };
		DA370E6925431EC0005E9E1D /* LaunchScreen.storyboard in Resources */ = {isa = PBXBuildFile; fileRef = DA370E6725431EC0005E9E1D /* LaunchScreen.storyboard */; };
		DAAE988A255EC53100DBA3D0 /* ReportView.swift in Sources */ = {isa = PBXBuildFile; fileRef = DAAE9889255EC53100DBA3D0 /* ReportView.swift */; };
		DAAE988D255EC58E00DBA3D0 /* ReportController.swift in Sources */ = {isa = PBXBuildFile; fileRef = DAAE988C255EC58E00DBA3D0 /* ReportController.swift */; };
		DAAE9890255EC5BD00DBA3D0 /* WarningView.swift in Sources */ = {isa = PBXBuildFile; fileRef = DAAE988F255EC5BD00DBA3D0 /* WarningView.swift */; };
		DAAE9893255EC5CD00DBA3D0 /* CategoryView.swift in Sources */ = {isa = PBXBuildFile; fileRef = DAAE9892255EC5CD00DBA3D0 /* CategoryView.swift */; };
		DAAE9896255EC61300DBA3D0 /* WarningController.swift in Sources */ = {isa = PBXBuildFile; fileRef = DAAE9895255EC61300DBA3D0 /* WarningController.swift */; };
		DAAE989A255EC68A00DBA3D0 /* CategoryCell.swift in Sources */ = {isa = PBXBuildFile; fileRef = DAAE9899255EC68A00DBA3D0 /* CategoryCell.swift */; };
		DAAE989D255EC6BC00DBA3D0 /* CategoryController.swift in Sources */ = {isa = PBXBuildFile; fileRef = DAAE989C255EC6BC00DBA3D0 /* CategoryController.swift */; };
		DAC75DDF2548638100AC30D2 /* MainView.swift in Sources */ = {isa = PBXBuildFile; fileRef = DAC75DDE2548638100AC30D2 /* MainView.swift */; };
		DAC75DEA254C7E0F00AC30D2 /* NotificationAndRiwayatView.swift in Sources */ = {isa = PBXBuildFile; fileRef = DAC75DE9254C7E0F00AC30D2 /* NotificationAndRiwayatView.swift */; };
		DAC75DED254C7E2F00AC30D2 /* NotificationAndRiwayatController.swift in Sources */ = {isa = PBXBuildFile; fileRef = DAC75DEC254C7E2F00AC30D2 /* NotificationAndRiwayatController.swift */; };
		DAC75DF0254D196B00AC30D2 /* TabBarController.swift in Sources */ = {isa = PBXBuildFile; fileRef = DAC75DEF254D196B00AC30D2 /* TabBarController.swift */; };
		DAC75E14254EE46F00AC30D2 /* ActivateNotificationView.swift in Sources */ = {isa = PBXBuildFile; fileRef = DAC75E13254EE46F00AC30D2 /* ActivateNotificationView.swift */; };
		DAC75E17254EE49300AC30D2 /* ActivateNotificationController.swift in Sources */ = {isa = PBXBuildFile; fileRef = DAC75E16254EE49300AC30D2 /* ActivateNotificationController.swift */; };
		ED219333EEA4892A1CA74A3A /* Pods_NotifikasiDanRiwayatScreen.framework in Frameworks */ = {isa = PBXBuildFile; fileRef = CEF71974B6AD0DC1D0BE8086 /* Pods_NotifikasiDanRiwayatScreen.framework */; };
/* End PBXBuildFile section */

/* Begin PBXFileReference section */
		B97EAE0FF01B9E3325D620F6 /* Pods-NotifikasiDanRiwayatScreen.debug.xcconfig */ = {isa = PBXFileReference; includeInIndex = 1; lastKnownFileType = text.xcconfig; name = "Pods-NotifikasiDanRiwayatScreen.debug.xcconfig"; path = "Target Support Files/Pods-NotifikasiDanRiwayatScreen/Pods-NotifikasiDanRiwayatScreen.debug.xcconfig"; sourceTree = "<group>"; };
		CEF71974B6AD0DC1D0BE8086 /* Pods_NotifikasiDanRiwayatScreen.framework */ = {isa = PBXFileReference; explicitFileType = wrapper.framework; includeInIndex = 0; path = Pods_NotifikasiDanRiwayatScreen.framework; sourceTree = BUILT_PRODUCTS_DIR; };
		D844230EAB024642C7029960 /* Pods-NotifikasiDanRiwayatScreen.release.xcconfig */ = {isa = PBXFileReference; includeInIndex = 1; lastKnownFileType = text.xcconfig; name = "Pods-NotifikasiDanRiwayatScreen.release.xcconfig"; path = "Target Support Files/Pods-NotifikasiDanRiwayatScreen/Pods-NotifikasiDanRiwayatScreen.release.xcconfig"; sourceTree = "<group>"; };
		DA370E5925431EBF005E9E1D /* NotifikasiDanRiwayatScreen.app */ = {isa = PBXFileReference; explicitFileType = wrapper.application; includeInIndex = 0; path = NotifikasiDanRiwayatScreen.app; sourceTree = BUILT_PRODUCTS_DIR; };
		DA370E5C25431EBF005E9E1D /* AppDelegate.swift */ = {isa = PBXFileReference; lastKnownFileType = sourcecode.swift; path = AppDelegate.swift; sourceTree = "<group>"; };
		DA370E5E25431EBF005E9E1D /* SceneDelegate.swift */ = {isa = PBXFileReference; lastKnownFileType = sourcecode.swift; path = SceneDelegate.swift; sourceTree = "<group>"; };
		DA370E6025431EBF005E9E1D /* MainController.swift */ = {isa = PBXFileReference; lastKnownFileType = sourcecode.swift; path = MainController.swift; sourceTree = "<group>"; };
		DA370E6525431EC0005E9E1D /* Assets.xcassets */ = {isa = PBXFileReference; lastKnownFileType = folder.assetcatalog; path = Assets.xcassets; sourceTree = "<group>"; };
		DA370E6825431EC0005E9E1D /* Base */ = {isa = PBXFileReference; lastKnownFileType = file.storyboard; name = Base; path = Base.lproj/LaunchScreen.storyboard; sourceTree = "<group>"; };
		DA370E6A25431EC0005E9E1D /* Info.plist */ = {isa = PBXFileReference; lastKnownFileType = text.plist.xml; path = Info.plist; sourceTree = "<group>"; };
		DAAE9889255EC53100DBA3D0 /* ReportView.swift */ = {isa = PBXFileReference; lastKnownFileType = sourcecode.swift; path = ReportView.swift; sourceTree = "<group>"; };
		DAAE988C255EC58E00DBA3D0 /* ReportController.swift */ = {isa = PBXFileReference; lastKnownFileType = sourcecode.swift; path = ReportController.swift; sourceTree = "<group>"; };
		DAAE988F255EC5BD00DBA3D0 /* WarningView.swift */ = {isa = PBXFileReference; lastKnownFileType = sourcecode.swift; path = WarningView.swift; sourceTree = "<group>"; };
		DAAE9892255EC5CD00DBA3D0 /* CategoryView.swift */ = {isa = PBXFileReference; lastKnownFileType = sourcecode.swift; path = CategoryView.swift; sourceTree = "<group>"; };
		DAAE9895255EC61300DBA3D0 /* WarningController.swift */ = {isa = PBXFileReference; lastKnownFileType = sourcecode.swift; path = WarningController.swift; sourceTree = "<group>"; };
		DAAE9899255EC68A00DBA3D0 /* CategoryCell.swift */ = {isa = PBXFileReference; lastKnownFileType = sourcecode.swift; path = CategoryCell.swift; sourceTree = "<group>"; };
		DAAE989C255EC6BC00DBA3D0 /* CategoryController.swift */ = {isa = PBXFileReference; lastKnownFileType = sourcecode.swift; path = CategoryController.swift; sourceTree = "<group>"; };
		DAC75DDE2548638100AC30D2 /* MainView.swift */ = {isa = PBXFileReference; lastKnownFileType = sourcecode.swift; path = MainView.swift; sourceTree = "<group>"; };
		DAC75DE9254C7E0F00AC30D2 /* NotificationAndRiwayatView.swift */ = {isa = PBXFileReference; lastKnownFileType = sourcecode.swift; path = NotificationAndRiwayatView.swift; sourceTree = "<group>"; };
		DAC75DEC254C7E2F00AC30D2 /* NotificationAndRiwayatController.swift */ = {isa = PBXFileReference; lastKnownFileType = sourcecode.swift; path = NotificationAndRiwayatController.swift; sourceTree = "<group>"; };
		DAC75DEF254D196B00AC30D2 /* TabBarController.swift */ = {isa = PBXFileReference; lastKnownFileType = sourcecode.swift; path = TabBarController.swift; sourceTree = "<group>"; };
		DAC75E13254EE46F00AC30D2 /* ActivateNotificationView.swift */ = {isa = PBXFileReference; lastKnownFileType = sourcecode.swift; path = ActivateNotificationView.swift; sourceTree = "<group>"; };
		DAC75E16254EE49300AC30D2 /* ActivateNotificationController.swift */ = {isa = PBXFileReference; lastKnownFileType = sourcecode.swift; path = ActivateNotificationController.swift; sourceTree = "<group>"; };
/* End PBXFileReference section */

/* Begin PBXFrameworksBuildPhase section */
		DA370E5625431EBF005E9E1D /* Frameworks */ = {
			isa = PBXFrameworksBuildPhase;
			buildActionMask = 2147483647;
			files = (
				ED219333EEA4892A1CA74A3A /* Pods_NotifikasiDanRiwayatScreen.framework in Frameworks */,
			);
			runOnlyForDeploymentPostprocessing = 0;
		};
/* End PBXFrameworksBuildPhase section */

/* Begin PBXGroup section */
		6A1A6D58C0E5C356FD555528 /* Pods */ = {
			isa = PBXGroup;
			children = (
				B97EAE0FF01B9E3325D620F6 /* Pods-NotifikasiDanRiwayatScreen.debug.xcconfig */,
				D844230EAB024642C7029960 /* Pods-NotifikasiDanRiwayatScreen.release.xcconfig */,
			);
			path = Pods;
			sourceTree = "<group>";
		};
		DA370E5025431EBF005E9E1D = {
			isa = PBXGroup;
			children = (
				DAC75DDD2548635C00AC30D2 /* Model */,
				DAC75DDC2548635600AC30D2 /* View */,
				DAC75DDB2548634600AC30D2 /* Controller */,
				DA370E5B25431EBF005E9E1D /* NotifikasiDanRiwayatScreen */,
				DA370E5A25431EBF005E9E1D /* Products */,
				6A1A6D58C0E5C356FD555528 /* Pods */,
				F7F72CE29A9B403B330B64BF /* Frameworks */,
			);
			sourceTree = "<group>";
		};
		DA370E5A25431EBF005E9E1D /* Products */ = {
			isa = PBXGroup;
			children = (
				DA370E5925431EBF005E9E1D /* NotifikasiDanRiwayatScreen.app */,
			);
			name = Products;
			sourceTree = "<group>";
		};
		DA370E5B25431EBF005E9E1D /* NotifikasiDanRiwayatScreen */ = {
			isa = PBXGroup;
			children = (
				DA370E5C25431EBF005E9E1D /* AppDelegate.swift */,
				DA370E5E25431EBF005E9E1D /* SceneDelegate.swift */,
				DA370E6525431EC0005E9E1D /* Assets.xcassets */,
				DA370E6725431EC0005E9E1D /* LaunchScreen.storyboard */,
				DA370E6A25431EC0005E9E1D /* Info.plist */,
			);
			path = NotifikasiDanRiwayatScreen;
			sourceTree = "<group>";
		};
		DAAE9898255EC64600DBA3D0 /* Cell */ = {
			isa = PBXGroup;
			children = (
				DAAE9899255EC68A00DBA3D0 /* CategoryCell.swift */,
			);
			path = Cell;
			sourceTree = "<group>";
		};
		DAC75DDB2548634600AC30D2 /* Controller */ = {
			isa = PBXGroup;
			children = (
				DA370E6025431EBF005E9E1D /* MainController.swift */,
				DAC75DEC254C7E2F00AC30D2 /* NotificationAndRiwayatController.swift */,
				DAC75DEF254D196B00AC30D2 /* TabBarController.swift */,
				DAC75E16254EE49300AC30D2 /* ActivateNotificationController.swift */,
				DAAE988C255EC58E00DBA3D0 /* ReportController.swift */,
				DAAE9895255EC61300DBA3D0 /* WarningController.swift */,
				DAAE989C255EC6BC00DBA3D0 /* CategoryController.swift */,
			);
			path = Controller;
			sourceTree = "<group>";
		};
		DAC75DDC2548635600AC30D2 /* View */ = {
			isa = PBXGroup;
			children = (
				DAAE9898255EC64600DBA3D0 /* Cell */,
				DAC75DDE2548638100AC30D2 /* MainView.swift */,
				DAC75DE9254C7E0F00AC30D2 /* NotificationAndRiwayatView.swift */,
				DAC75E13254EE46F00AC30D2 /* ActivateNotificationView.swift */,
				DAAE9889255EC53100DBA3D0 /* ReportView.swift */,
				DAAE988F255EC5BD00DBA3D0 /* WarningView.swift */,
				DAAE9892255EC5CD00DBA3D0 /* CategoryView.swift */,
			);
			path = View;
			sourceTree = "<group>";
		};
		DAC75DDD2548635C00AC30D2 /* Model */ = {
			isa = PBXGroup;
			children = (
			);
			path = Model;
			sourceTree = "<group>";
		};
		F7F72CE29A9B403B330B64BF /* Frameworks */ = {
			isa = PBXGroup;
			children = (
				CEF71974B6AD0DC1D0BE8086 /* Pods_NotifikasiDanRiwayatScreen.framework */,
			);
			name = Frameworks;
			sourceTree = "<group>";
		};
/* End PBXGroup section */

/* Begin PBXNativeTarget section */
		DA370E5825431EBF005E9E1D /* NotifikasiDanRiwayatScreen */ = {
			isa = PBXNativeTarget;
			buildConfigurationList = DA370E6D25431EC0005E9E1D /* Build configuration list for PBXNativeTarget "NotifikasiDanRiwayatScreen" */;
			buildPhases = (
				EB4E667B315ECA674E40694A /* [CP] Check Pods Manifest.lock */,
				DA370E5525431EBF005E9E1D /* Sources */,
				DA370E5625431EBF005E9E1D /* Frameworks */,
				DA370E5725431EBF005E9E1D /* Resources */,
				D52F991A45B4D92D025BB3A4 /* [CP] Embed Pods Frameworks */,
			);
			buildRules = (
			);
			dependencies = (
			);
			name = NotifikasiDanRiwayatScreen;
			productName = NotifikasiDanRiwayatScreen;
			productReference = DA370E5925431EBF005E9E1D /* NotifikasiDanRiwayatScreen.app */;
			productType = "com.apple.product-type.application";
		};
/* End PBXNativeTarget section */

/* Begin PBXProject section */
		DA370E5125431EBF005E9E1D /* Project object */ = {
			isa = PBXProject;
			attributes = {
				LastSwiftUpdateCheck = 1200;
				LastUpgradeCheck = 1210;
				TargetAttributes = {
					DA370E5825431EBF005E9E1D = {
						CreatedOnToolsVersion = 12.0.1;
					};
				};
			};
			buildConfigurationList = DA370E5425431EBF005E9E1D /* Build configuration list for PBXProject "NotifikasiDanRiwayatScreen" */;
			compatibilityVersion = "Xcode 9.3";
			developmentRegion = en;
			hasScannedForEncodings = 0;
			knownRegions = (
				en,
				Base,
			);
			mainGroup = DA370E5025431EBF005E9E1D;
			productRefGroup = DA370E5A25431EBF005E9E1D /* Products */;
			projectDirPath = "";
			projectRoot = "";
			targets = (
				DA370E5825431EBF005E9E1D /* NotifikasiDanRiwayatScreen */,
			);
		};
/* End PBXProject section */

/* Begin PBXResourcesBuildPhase section */
		DA370E5725431EBF005E9E1D /* Resources */ = {
			isa = PBXResourcesBuildPhase;
			buildActionMask = 2147483647;
			files = (
				DA370E6925431EC0005E9E1D /* LaunchScreen.storyboard in Resources */,
				DA370E6625431EC0005E9E1D /* Assets.xcassets in Resources */,
			);
			runOnlyForDeploymentPostprocessing = 0;
		};
/* End PBXResourcesBuildPhase section */

/* Begin PBXShellScriptBuildPhase section */
		D52F991A45B4D92D025BB3A4 /* [CP] Embed Pods Frameworks */ = {
			isa = PBXShellScriptBuildPhase;
			buildActionMask = 2147483647;
			files = (
			);
			inputFileListPaths = (
				"${PODS_ROOT}/Target Support Files/Pods-NotifikasiDanRiwayatScreen/Pods-NotifikasiDanRiwayatScreen-frameworks-${CONFIGURATION}-input-files.xcfilelist",
			);
			name = "[CP] Embed Pods Frameworks";
			outputFileListPaths = (
				"${PODS_ROOT}/Target Support Files/Pods-NotifikasiDanRiwayatScreen/Pods-NotifikasiDanRiwayatScreen-frameworks-${CONFIGURATION}-output-files.xcfilelist",
			);
			runOnlyForDeploymentPostprocessing = 0;
			shellPath = /bin/sh;
			shellScript = "\"${PODS_ROOT}/Target Support Files/Pods-NotifikasiDanRiwayatScreen/Pods-NotifikasiDanRiwayatScreen-frameworks.sh\"\n";
			showEnvVarsInLog = 0;
		};
		EB4E667B315ECA674E40694A /* [CP] Check Pods Manifest.lock */ = {
			isa = PBXShellScriptBuildPhase;
			buildActionMask = 2147483647;
			files = (
			);
			inputFileListPaths = (
			);
			inputPaths = (
				"${PODS_PODFILE_DIR_PATH}/Podfile.lock",
				"${PODS_ROOT}/Manifest.lock",
			);
			name = "[CP] Check Pods Manifest.lock";
			outputFileListPaths = (
			);
			outputPaths = (
				"$(DERIVED_FILE_DIR)/Pods-NotifikasiDanRiwayatScreen-checkManifestLockResult.txt",
			);
			runOnlyForDeploymentPostprocessing = 0;
			shellPath = /bin/sh;
			shellScript = "diff \"${PODS_PODFILE_DIR_PATH}/Podfile.lock\" \"${PODS_ROOT}/Manifest.lock\" > /dev/null\nif [ $? != 0 ] ; then\n    # print error to STDERR\n    echo \"error: The sandbox is not in sync with the Podfile.lock. Run 'pod install' or update your CocoaPods installation.\" >&2\n    exit 1\nfi\n# This output is used by Xcode 'outputs' to avoid re-running this script phase.\necho \"SUCCESS\" > \"${SCRIPT_OUTPUT_FILE_0}\"\n";
			showEnvVarsInLog = 0;
		};
/* End PBXShellScriptBuildPhase section */

/* Begin PBXSourcesBuildPhase section */
		DA370E5525431EBF005E9E1D /* Sources */ = {
			isa = PBXSourcesBuildPhase;
			buildActionMask = 2147483647;
			files = (
				DA370E6125431EBF005E9E1D /* MainController.swift in Sources */,
				DAC75DEA254C7E0F00AC30D2 /* NotificationAndRiwayatView.swift in Sources */,
				DA370E5D25431EBF005E9E1D /* AppDelegate.swift in Sources */,
				DAAE988D255EC58E00DBA3D0 /* ReportController.swift in Sources */,
				DAC75DED254C7E2F00AC30D2 /* NotificationAndRiwayatController.swift in Sources */,
				DAAE989D255EC6BC00DBA3D0 /* CategoryController.swift in Sources */,
				DAAE9893255EC5CD00DBA3D0 /* CategoryView.swift in Sources */,
				DAAE9890255EC5BD00DBA3D0 /* WarningView.swift in Sources */,
				DAC75E14254EE46F00AC30D2 /* ActivateNotificationView.swift in Sources */,
				DAC75DF0254D196B00AC30D2 /* TabBarController.swift in Sources */,
				DAC75E17254EE49300AC30D2 /* ActivateNotificationController.swift in Sources */,
				DAAE9896255EC61300DBA3D0 /* WarningController.swift in Sources */,
				DAC75DDF2548638100AC30D2 /* MainView.swift in Sources */,
				DAAE988A255EC53100DBA3D0 /* ReportView.swift in Sources */,
				DA370E5F25431EBF005E9E1D /* SceneDelegate.swift in Sources */,
				DAAE989A255EC68A00DBA3D0 /* CategoryCell.swift in Sources */,
			);
			runOnlyForDeploymentPostprocessing = 0;
		};
/* End PBXSourcesBuildPhase section */

/* Begin PBXVariantGroup section */
		DA370E6725431EC0005E9E1D /* LaunchScreen.storyboard */ = {
			isa = PBXVariantGroup;
			children = (
				DA370E6825431EC0005E9E1D /* Base */,
			);
			name = LaunchScreen.storyboard;
			sourceTree = "<group>";
		};
/* End PBXVariantGroup section */

/* Begin XCBuildConfiguration section */
		DA370E6B25431EC0005E9E1D /* Debug */ = {
			isa = XCBuildConfiguration;
			buildSettings = {
				ALWAYS_SEARCH_USER_PATHS = NO;
				CLANG_ANALYZER_NONNULL = YES;
				CLANG_ANALYZER_NUMBER_OBJECT_CONVERSION = YES_AGGRESSIVE;
				CLANG_CXX_LANGUAGE_STANDARD = "gnu++14";
				CLANG_CXX_LIBRARY = "libc++";
				CLANG_ENABLE_MODULES = YES;
				CLANG_ENABLE_OBJC_ARC = YES;
				CLANG_ENABLE_OBJC_WEAK = YES;
				CLANG_WARN_BLOCK_CAPTURE_AUTORELEASING = YES;
				CLANG_WARN_BOOL_CONVERSION = YES;
				CLANG_WARN_COMMA = YES;
				CLANG_WARN_CONSTANT_CONVERSION = YES;
				CLANG_WARN_DEPRECATED_OBJC_IMPLEMENTATIONS = YES;
				CLANG_WARN_DIRECT_OBJC_ISA_USAGE = YES_ERROR;
				CLANG_WARN_DOCUMENTATION_COMMENTS = YES;
				CLANG_WARN_EMPTY_BODY = YES;
				CLANG_WARN_ENUM_CONVERSION = YES;
				CLANG_WARN_INFINITE_RECURSION = YES;
				CLANG_WARN_INT_CONVERSION = YES;
				CLANG_WARN_NON_LITERAL_NULL_CONVERSION = YES;
				CLANG_WARN_OBJC_IMPLICIT_RETAIN_SELF = YES;
				CLANG_WARN_OBJC_LITERAL_CONVERSION = YES;
				CLANG_WARN_OBJC_ROOT_CLASS = YES_ERROR;
				CLANG_WARN_QUOTED_INCLUDE_IN_FRAMEWORK_HEADER = YES;
				CLANG_WARN_RANGE_LOOP_ANALYSIS = YES;
				CLANG_WARN_STRICT_PROTOTYPES = YES;
				CLANG_WARN_SUSPICIOUS_MOVE = YES;
				CLANG_WARN_UNGUARDED_AVAILABILITY = YES_AGGRESSIVE;
				CLANG_WARN_UNREACHABLE_CODE = YES;
				CLANG_WARN__DUPLICATE_METHOD_MATCH = YES;
				COPY_PHASE_STRIP = NO;
				DEBUG_INFORMATION_FORMAT = dwarf;
				ENABLE_STRICT_OBJC_MSGSEND = YES;
				ENABLE_TESTABILITY = YES;
				GCC_C_LANGUAGE_STANDARD = gnu11;
				GCC_DYNAMIC_NO_PIC = NO;
				GCC_NO_COMMON_BLOCKS = YES;
				GCC_OPTIMIZATION_LEVEL = 0;
				GCC_PREPROCESSOR_DEFINITIONS = (
					"DEBUG=1",
					"$(inherited)",
				);
				GCC_WARN_64_TO_32_BIT_CONVERSION = YES;
				GCC_WARN_ABOUT_RETURN_TYPE = YES_ERROR;
				GCC_WARN_UNDECLARED_SELECTOR = YES;
				GCC_WARN_UNINITIALIZED_AUTOS = YES_AGGRESSIVE;
				GCC_WARN_UNUSED_FUNCTION = YES;
				GCC_WARN_UNUSED_VARIABLE = YES;
				IPHONEOS_DEPLOYMENT_TARGET = 14.0;
				MTL_ENABLE_DEBUG_INFO = INCLUDE_SOURCE;
				MTL_FAST_MATH = YES;
				ONLY_ACTIVE_ARCH = YES;
				SDKROOT = iphoneos;
				SWIFT_ACTIVE_COMPILATION_CONDITIONS = DEBUG;
				SWIFT_OPTIMIZATION_LEVEL = "-Onone";
			};
			name = Debug;
		};
		DA370E6C25431EC0005E9E1D /* Release */ = {
			isa = XCBuildConfiguration;
			buildSettings = {
				ALWAYS_SEARCH_USER_PATHS = NO;
				CLANG_ANALYZER_NONNULL = YES;
				CLANG_ANALYZER_NUMBER_OBJECT_CONVERSION = YES_AGGRESSIVE;
				CLANG_CXX_LANGUAGE_STANDARD = "gnu++14";
				CLANG_CXX_LIBRARY = "libc++";
				CLANG_ENABLE_MODULES = YES;
				CLANG_ENABLE_OBJC_ARC = YES;
				CLANG_ENABLE_OBJC_WEAK = YES;
				CLANG_WARN_BLOCK_CAPTURE_AUTORELEASING = YES;
				CLANG_WARN_BOOL_CONVERSION = YES;
				CLANG_WARN_COMMA = YES;
				CLANG_WARN_CONSTANT_CONVERSION = YES;
				CLANG_WARN_DEPRECATED_OBJC_IMPLEMENTATIONS = YES;
				CLANG_WARN_DIRECT_OBJC_ISA_USAGE = YES_ERROR;
				CLANG_WARN_DOCUMENTATION_COMMENTS = YES;
				CLANG_WARN_EMPTY_BODY = YES;
				CLANG_WARN_ENUM_CONVERSION = YES;
				CLANG_WARN_INFINITE_RECURSION = YES;
				CLANG_WARN_INT_CONVERSION = YES;
				CLANG_WARN_NON_LITERAL_NULL_CONVERSION = YES;
				CLANG_WARN_OBJC_IMPLICIT_RETAIN_SELF = YES;
				CLANG_WARN_OBJC_LITERAL_CONVERSION = YES;
				CLANG_WARN_OBJC_ROOT_CLASS = YES_ERROR;
				CLANG_WARN_QUOTED_INCLUDE_IN_FRAMEWORK_HEADER = YES;
				CLANG_WARN_RANGE_LOOP_ANALYSIS = YES;
				CLANG_WARN_STRICT_PROTOTYPES = YES;
				CLANG_WARN_SUSPICIOUS_MOVE = YES;
				CLANG_WARN_UNGUARDED_AVAILABILITY = YES_AGGRESSIVE;
				CLANG_WARN_UNREACHABLE_CODE = YES;
				CLANG_WARN__DUPLICATE_METHOD_MATCH = YES;
				COPY_PHASE_STRIP = NO;
				DEBUG_INFORMATION_FORMAT = "dwarf-with-dsym";
				ENABLE_NS_ASSERTIONS = NO;
				ENABLE_STRICT_OBJC_MSGSEND = YES;
				GCC_C_LANGUAGE_STANDARD = gnu11;
				GCC_NO_COMMON_BLOCKS = YES;
				GCC_WARN_64_TO_32_BIT_CONVERSION = YES;
				GCC_WARN_ABOUT_RETURN_TYPE = YES_ERROR;
				GCC_WARN_UNDECLARED_SELECTOR = YES;
				GCC_WARN_UNINITIALIZED_AUTOS = YES_AGGRESSIVE;
				GCC_WARN_UNUSED_FUNCTION = YES;
				GCC_WARN_UNUSED_VARIABLE = YES;
				IPHONEOS_DEPLOYMENT_TARGET = 14.0;
				MTL_ENABLE_DEBUG_INFO = NO;
				MTL_FAST_MATH = YES;
				SDKROOT = iphoneos;
				SWIFT_COMPILATION_MODE = wholemodule;
				SWIFT_OPTIMIZATION_LEVEL = "-O";
				VALIDATE_PRODUCT = YES;
			};
			name = Release;
		};
		DA370E6E25431EC0005E9E1D /* Debug */ = {
			isa = XCBuildConfiguration;
			baseConfigurationReference = B97EAE0FF01B9E3325D620F6 /* Pods-NotifikasiDanRiwayatScreen.debug.xcconfig */;
			buildSettings = {
				ASSETCATALOG_COMPILER_APPICON_NAME = AppIcon;
				ASSETCATALOG_COMPILER_GLOBAL_ACCENT_COLOR_NAME = AccentColor;
				CODE_SIGN_IDENTITY = "-";
				CODE_SIGN_STYLE = Automatic;
				DEVELOPMENT_TEAM = 4A4J3R44FB;
				INFOPLIST_FILE = NotifikasiDanRiwayatScreen/Info.plist;
				LD_RUNPATH_SEARCH_PATHS = (
					"$(inherited)",
					"@executable_path/Frameworks",
				);
				PRODUCT_BUNDLE_IDENTIFIER = Rexy.NotifikasiDanRiwayatScreen;
				PRODUCT_NAME = "$(TARGET_NAME)";
				SWIFT_VERSION = 5.0;
				TARGETED_DEVICE_FAMILY = "1,2";
			};
			name = Debug;
		};
		DA370E6F25431EC0005E9E1D /* Release */ = {
			isa = XCBuildConfiguration;
			baseConfigurationReference = D844230EAB024642C7029960 /* Pods-NotifikasiDanRiwayatScreen.release.xcconfig */;
			buildSettings = {
				ASSETCATALOG_COMPILER_APPICON_NAME = AppIcon;
				ASSETCATALOG_COMPILER_GLOBAL_ACCENT_COLOR_NAME = AccentColor;
				CODE_SIGN_IDENTITY = "-";
				CODE_SIGN_STYLE = Automatic;
				DEVELOPMENT_TEAM = 4A4J3R44FB;
				INFOPLIST_FILE = NotifikasiDanRiwayatScreen/Info.plist;
				LD_RUNPATH_SEARCH_PATHS = (
					"$(inherited)",
					"@executable_path/Frameworks",
				);
				PRODUCT_BUNDLE_IDENTIFIER = Rexy.NotifikasiDanRiwayatScreen;
				PRODUCT_NAME = "$(TARGET_NAME)";
				SWIFT_VERSION = 5.0;
				TARGETED_DEVICE_FAMILY = "1,2";
			};
			name = Release;
		};
/* End XCBuildConfiguration section */

/* Begin XCConfigurationList section */
		DA370E5425431EBF005E9E1D /* Build configuration list for PBXProject "NotifikasiDanRiwayatScreen" */ = {
			isa = XCConfigurationList;
			buildConfigurations = (
				DA370E6B25431EC0005E9E1D /* Debug */,
				DA370E6C25431EC0005E9E1D /* Release */,
			);
			defaultConfigurationIsVisible = 0;
			defaultConfigurationName = Release;
		};
		DA370E6D25431EC0005E9E1D /* Build configuration list for PBXNativeTarget "NotifikasiDanRiwayatScreen" */ = {
			isa = XCConfigurationList;
			buildConfigurations = (
				DA370E6E25431EC0005E9E1D /* Debug */,
				DA370E6F25431EC0005E9E1D /* Release */,
			);
			defaultConfigurationIsVisible = 0;
			defaultConfigurationName = Release;
		};
/* End XCConfigurationList section */
	};
	rootObject = DA370E5125431EBF005E9E1D /* Project object */;
}
